
Microsoft Visual Studio Solution File, Format Version 11.00
# Visual Studio 2010
Project("{FAE04EC0-301F-11D3-BF4B-00C04F79EFBC}") = "SpeakerNet", "SpeakerNet\SpeakerNet.csproj", "{6EAA7A69-20ED-46CA-8993-0D38C9FBAE7D}"
EndProject
Project("{2150E333-8FDC-42A3-9474-1A3956D46DE8}") = "IISExpress", "IISExpress", "{426447F4-F840-4EC3-97AE-2D881786E496}"
	ProjectSection(SolutionItems) = preProject
		iisstart.bat = iisstart.bat
	EndProjectSection
EndProject
Global
	GlobalSection(SolutionConfigurationPlatforms) = preSolution
		Debug|Any CPU = Debug|Any CPU
		Release|Any CPU = Release|Any CPU
	EndGlobalSection
	GlobalSection(ProjectConfigurationPlatforms) = postSolution
		{6EAA7A69-20ED-46CA-8993-0D38C9FBAE7D}.Debug|Any CPU.ActiveCfg = Debug|Any CPU
		{6EAA7A69-20ED-46CA-8993-0D38C9FBAE7D}.Debug|Any CPU.Build.0 = Debug|Any CPU
		{6EAA7A69-20ED-46CA-8993-0D38C9FBAE7D}.Release|Any CPU.ActiveCfg = Release|Any CPU
		{6EAA7A69-20ED-46CA-8993-0D38C9FBAE7D}.Release|Any CPU.Build.0 = Release|Any CPU
	EndGlobalSection
	GlobalSection(SolutionProperties) = preSolution
		HideSolutionNode = FALSE
	EndGlobalSection
EndGlobal
